
Microsoft Visual Studio Solution File, Format Version 12.00
# Visual Studio Version 16
VisualStudioVersion = 16.0.30711.63
MinimumVisualStudioVersion = 10.0.40219.1
Project("{9A19103F-16F7-4668-BE54-9A1E7A4F7556}") = "MovieSeller", "MovieSeller\MovieSeller.csproj", "{EA213EAE-280D-40CD-BF2D-F0123DA1C94C}"
EndProject
Project("{00D1A9C2-B5F0-4AF3-8072-F6C62B433612}") = "MovieDatabase", "MovieDatabase\MovieDatabase.sqlproj", "{A468BAB9-3AD3-4FA6-A9BE-9BE93CE17DC3}"
EndProject
Global
	GlobalSection(SolutionConfigurationPlatforms) = preSolution
		Debug|Any CPU = Debug|Any CPU
		Release|Any CPU = Release|Any CPU
	EndGlobalSection
	GlobalSection(ProjectConfigurationPlatforms) = postSolution
		{EA213EAE-280D-40CD-BF2D-F0123DA1C94C}.Debug|Any CPU.ActiveCfg = Debug|Any CPU
		{EA213EAE-280D-40CD-BF2D-F0123DA1C94C}.Debug|Any CPU.Build.0 = Debug|Any CPU
		{EA213EAE-280D-40CD-BF2D-F0123DA1C94C}.Release|Any CPU.ActiveCfg = Release|Any CPU
		{EA213EAE-280D-40CD-BF2D-F0123DA1C94C}.Release|Any CPU.Build.0 = Release|Any CPU
		{A468BAB9-3AD3-4FA6-A9BE-9BE93CE17DC3}.Debug|Any CPU.ActiveCfg = Debug|Any CPU
		{A468BAB9-3AD3-4FA6-A9BE-9BE93CE17DC3}.Debug|Any CPU.Build.0 = Debug|Any CPU
		{A468BAB9-3AD3-4FA6-A9BE-9BE93CE17DC3}.Debug|Any CPU.Deploy.0 = Debug|Any CPU
		{A468BAB9-3AD3-4FA6-A9BE-9BE93CE17DC3}.Release|Any CPU.ActiveCfg = Release|Any CPU
		{A468BAB9-3AD3-4FA6-A9BE-9BE93CE17DC3}.Release|Any CPU.Build.0 = Release|Any CPU
		{A468BAB9-3AD3-4FA6-A9BE-9BE93CE17DC3}.Release|Any CPU.Deploy.0 = Release|Any CPU
	EndGlobalSection
	GlobalSection(SolutionProperties) = preSolution
		HideSolutionNode = FALSE
	EndGlobalSection
	GlobalSection(ExtensibilityGlobals) = postSolution
		SolutionGuid = {048F6FDE-CE84-4CE0-A6DD-4CA086624D91}
	EndGlobalSection
EndGlobal
